// !$*UTF8*$!
{
	archiveVersion = 1;
	classes = {
	};
	objectVersion = 77;
	objects = {

/* Begin PBXContainerItemProxy section */
		64C1F44F2E22C21B0082C7C7 /* PBXContainerItemProxy */ = {
			isa = PBXContainerItemProxy;
			containerPortal = 64C1F4392E22C21A0082C7C7 /* Project object */;
			proxyType = 1;
			remoteGlobalIDString = 64C1F4402E22C21A0082C7C7;
			remoteInfo = "Lucky Me";
		};
		64C1F4592E22C21C0082C7C7 /* PBXContainerItemProxy */ = {
			isa = PBXContainerItemProxy;
			containerPortal = 64C1F4392E22C21A0082C7C7 /* Project object */;
			proxyType = 1;
			remoteGlobalIDString = 64C1F4402E22C21A0082C7C7;
			remoteInfo = "Lucky Me";
		};
/* End PBXContainerItemProxy section */

/* Begin PBXFileReference section */
		64C1F4412E22C21A0082C7C7 /* WinniLuckRandom.app */ = {isa = PBXFileReference; explicitFileType = wrapper.application; includeInIndex = 0; path = WinniLuckRandom.app; sourceTree = BUILT_PRODUCTS_DIR; };
		64C1F44E2E22C21B0082C7C7 /* WinniLuckRandomTests.xctest */ = {isa = PBXFileReference; explicitFileType = wrapper.cfbundle; includeInIndex = 0; path = WinniLuckRandomTests.xctest; sourceTree = BUILT_PRODUCTS_DIR; };
		64C1F4582E22C21C0082C7C7 /* WinniLuckRandomUITests.xctest */ = {isa = PBXFileReference; explicitFileType = wrapper.cfbundle; includeInIndex = 0; path = WinniLuckRandomUITests.xctest; sourceTree = BUILT_PRODUCTS_DIR; };
/* End PBXFileReference section */

/* Begin PBXFileSystemSynchronizedBuildFileExceptionSet section */
		643222402E2465EF00EBB378 /* Exceptions for "WinniLuckRandom" folder in "WinniLuckRandom" target */ = {
			isa = PBXFileSystemSynchronizedBuildFileExceptionSet;
			membershipExceptions = (
				Info.plist,
			);
			target = 64C1F4402E22C21A0082C7C7 /* WinniLuckRandom */;
		};
/* End PBXFileSystemSynchronizedBuildFileExceptionSet section */

/* Begin PBXFileSystemSynchronizedRootGroup section */
		64C1F4432E22C21A0082C7C7 /* WinniLuckRandom */ = {
			isa = PBXFileSystemSynchronizedRootGroup;
			exceptions = (
				643222402E2465EF00EBB378 /* Exceptions for "WinniLuckRandom" folder in "WinniLuckRandom" target */,
			);
			path = WinniLuckRandom;
			sourceTree = "<group>";
		};
		64C1F4512E22C21B0082C7C7 /* WinniLuckRandomTests */ = {
			isa = PBXFileSystemSynchronizedRootGroup;
			path = WinniLuckRandomTests;
			sourceTree = "<group>";
		};
		64C1F45B2E22C21C0082C7C7 /* WinniLuckRandomUITests */ = {
			isa = PBXFileSystemSynchronizedRootGroup;
			path = WinniLuckRandomUITests;
			sourceTree = "<group>";
		};
/* End PBXFileSystemSynchronizedRootGroup section */

/* Begin PBXFrameworksBuildPhase section */
		64C1F43E2E22C21A0082C7C7 /* Frameworks */ = {
			isa = PBXFrameworksBuildPhase;
			buildActionMask = 2147483647;
			files = (
			);
			runOnlyForDeploymentPostprocessing = 0;
		};
		64C1F44B2E22C21B0082C7C7 /* Frameworks */ = {
			isa = PBXFrameworksBuildPhase;
			buildActionMask = 2147483647;
			files = (
			);
			runOnlyForDeploymentPostprocessing = 0;
		};
		64C1F4552E22C21C0082C7C7 /* Frameworks */ = {
			isa = PBXFrameworksBuildPhase;
			buildActionMask = 2147483647;
			files = (
			);
			runOnlyForDeploymentPostprocessing = 0;
		};
/* End PBXFrameworksBuildPhase section */

/* Begin PBXGroup section */
		64C1F4382E22C21A0082C7C7 = {
			isa = PBXGroup;
			children = (
				64C1F4432E22C21A0082C7C7 /* WinniLuckRandom */,
				64C1F4512E22C21B0082C7C7 /* WinniLuckRandomTests */,
				64C1F45B2E22C21C0082C7C7 /* WinniLuckRandomUITests */,
				64C1F4422E22C21A0082C7C7 /* Products */,
			);
			sourceTree = "<group>";
		};
		64C1F4422E22C21A0082C7C7 /* Products */ = {
			isa = PBXGroup;
			children = (
				64C1F4412E22C21A0082C7C7 /* WinniLuckRandom.app */,
				64C1F44E2E22C21B0082C7C7 /* WinniLuckRandomTests.xctest */,
				64C1F4582E22C21C0082C7C7 /* WinniLuckRandomUITests.xctest */,
			);
			name = Products;
			sourceTree = "<group>";
		};
/* End PBXGroup section */

/* Begin PBXNativeTarget section */
		64C1F4402E22C21A0082C7C7 /* WinniLuckRandom */ = {
			isa = PBXNativeTarget;
			buildConfigurationList = 64C1F4622E22C21C0082C7C7 /* Build configuration list for PBXNativeTarget "WinniLuckRandom" */;
			buildPhases = (
				64C1F43D2E22C21A0082C7C7 /* Sources */,
				64C1F43E2E22C21A0082C7C7 /* Frameworks */,
				64C1F43F2E22C21A0082C7C7 /* Resources */,
			);
			buildRules = (
			);
			dependencies = (
			);
			fileSystemSynchronizedGroups = (
				64C1F4432E22C21A0082C7C7 /* WinniLuckRandom */,
			);
			name = WinniLuckRandom;
			packageProductDependencies = (
			);
			productName = "Lucky Me";
			productReference = 64C1F4412E22C21A0082C7C7 /* WinniLuckRandom.app */;
			productType = "com.apple.product-type.application";
		};
		64C1F44D2E22C21B0082C7C7 /* WinniLuckRandomTests */ = {
			isa = PBXNativeTarget;
			buildConfigurationList = 64C1F4652E22C21C0082C7C7 /* Build configuration list for PBXNativeTarget "WinniLuckRandomTests" */;
			buildPhases = (
				64C1F44A2E22C21B0082C7C7 /* Sources */,
				64C1F44B2E22C21B0082C7C7 /* Frameworks */,
				64C1F44C2E22C21B0082C7C7 /* Resources */,
			);
			buildRules = (
			);
			dependencies = (
				64C1F4502E22C21B0082C7C7 /* PBXTargetDependency */,
			);
			fileSystemSynchronizedGroups = (
				64C1F4512E22C21B0082C7C7 /* WinniLuckRandomTests */,
			);
			name = WinniLuckRandomTests;
			packageProductDependencies = (
			);
			productName = "Lucky MeTests";
			productReference = 64C1F44E2E22C21B0082C7C7 /* WinniLuckRandomTests.xctest */;
			productType = "com.apple.product-type.bundle.unit-test";
		};
		64C1F4572E22C21C0082C7C7 /* WinniLuckRandomUITests */ = {
			isa = PBXNativeTarget;
			buildConfigurationList = 64C1F4682E22C21C0082C7C7 /* Build configuration list for PBXNativeTarget "WinniLuckRandomUITests" */;
			buildPhases = (
				64C1F4542E22C21C0082C7C7 /* Sources */,
				64C1F4552E22C21C0082C7C7 /* Frameworks */,
				64C1F4562E22C21C0082C7C7 /* Resources */,
			);
			buildRules = (
			);
			dependencies = (
				64C1F45A2E22C21C0082C7C7 /* PBXTargetDependency */,
			);
			fileSystemSynchronizedGroups = (
				64C1F45B2E22C21C0082C7C7 /* WinniLuckRandomUITests */,
			);
			name = WinniLuckRandomUITests;
			packageProductDependencies = (
			);
			productName = "Lucky MeUITests";
			productReference = 64C1F4582E22C21C0082C7C7 /* WinniLuckRandomUITests.xctest */;
			productType = "com.apple.product-type.bundle.ui-testing";
		};
/* End PBXNativeTarget section */

/* Begin PBXProject section */
		64C1F4392E22C21A0082C7C7 /* Project object */ = {
			isa = PBXProject;
			attributes = {
				BuildIndependentTargetsInParallel = 1;
				LastSwiftUpdateCheck = 1640;
				LastUpgradeCheck = 2600;
				TargetAttributes = {
					64C1F4402E22C21A0082C7C7 = {
						CreatedOnToolsVersion = 16.4;
					};
					64C1F44D2E22C21B0082C7C7 = {
						CreatedOnToolsVersion = 16.4;
						TestTargetID = 64C1F4402E22C21A0082C7C7;
					};
					64C1F4572E22C21C0082C7C7 = {
						CreatedOnToolsVersion = 16.4;
						TestTargetID = 64C1F4402E22C21A0082C7C7;
					};
				};
			};
			buildConfigurationList = 64C1F43C2E22C21A0082C7C7 /* Build configuration list for PBXProject "WinniLuckRandom" */;
			developmentRegion = en;
			hasScannedForEncodings = 0;
			knownRegions = (
				en,
				Base,
				es,
			);
			mainGroup = 64C1F4382E22C21A0082C7C7;
			minimizedProjectReferenceProxies = 1;
			preferredProjectObjectVersion = 77;
			productRefGroup = 64C1F4422E22C21A0082C7C7 /* Products */;
			projectDirPath = "";
			projectRoot = "";
			targets = (
				64C1F4402E22C21A0082C7C7 /* WinniLuckRandom */,
				64C1F44D2E22C21B0082C7C7 /* WinniLuckRandomTests */,
				64C1F4572E22C21C0082C7C7 /* WinniLuckRandomUITests */,
			);
		};
/* End PBXProject section */

/* Begin PBXResourcesBuildPhase section */
		64C1F43F2E22C21A0082C7C7 /* Resources */ = {
			isa = PBXResourcesBuildPhase;
			buildActionMask = 2147483647;
			files = (
			);
			runOnlyForDeploymentPostprocessing = 0;
		};
		64C1F44C2E22C21B0082C7C7 /* Resources */ = {
			isa = PBXResourcesBuildPhase;
			buildActionMask = 2147483647;
			files = (
			);
			runOnlyForDeploymentPostprocessing = 0;
		};
		64C1F4562E22C21C0082C7C7 /* Resources */ = {
			isa = PBXResourcesBuildPhase;
			buildActionMask = 2147483647;
			files = (
			);
			runOnlyForDeploymentPostprocessing = 0;
		};
/* End PBXResourcesBuildPhase section */

/* Begin PBXSourcesBuildPhase section */
		64C1F43D2E22C21A0082C7C7 /* Sources */ = {
			isa = PBXSourcesBuildPhase;
			buildActionMask = 2147483647;
			files = (
			);
			runOnlyForDeploymentPostprocessing = 0;
		};
		64C1F44A2E22C21B0082C7C7 /* Sources */ = {
			isa = PBXSourcesBuildPhase;
			buildActionMask = 2147483647;
			files = (
			);
			runOnlyForDeploymentPostprocessing = 0;
		};
		64C1F4542E22C21C0082C7C7 /* Sources */ = {
			isa = PBXSourcesBuildPhase;
			buildActionMask = 2147483647;
			files = (
			);
			runOnlyForDeploymentPostprocessing = 0;
		};
/* End PBXSourcesBuildPhase section */

/* Begin PBXTargetDependency section */
		64C1F4502E22C21B0082C7C7 /* PBXTargetDependency */ = {
			isa = PBXTargetDependency;
			target = 64C1F4402E22C21A0082C7C7 /* WinniLuckRandom */;
			targetProxy = 64C1F44F2E22C21B0082C7C7 /* PBXContainerItemProxy */;
		};
		64C1F45A2E22C21C0082C7C7 /* PBXTargetDependency */ = {
			isa = PBXTargetDependency;
			target = 64C1F4402E22C21A0082C7C7 /* WinniLuckRandom */;
			targetProxy = 64C1F4592E22C21C0082C7C7 /* PBXContainerItemProxy */;
		};
/* End PBXTargetDependency section */

/* Begin XCBuildConfiguration section */
		64C1F4602E22C21C0082C7C7 /* Debug */ = {
			isa = XCBuildConfiguration;
			buildSettings = {
				ALWAYS_SEARCH_USER_PATHS = NO;
				ASSETCATALOG_COMPILER_GENERATE_SWIFT_ASSET_SYMBOL_EXTENSIONS = YES;
				CLANG_ANALYZER_NONNULL = YES;
				CLANG_ANALYZER_NUMBER_OBJECT_CONVERSION = YES_AGGRESSIVE;
				CLANG_CXX_LANGUAGE_STANDARD = "gnu++20";
				CLANG_ENABLE_MODULES = YES;
				CLANG_ENABLE_OBJC_ARC = YES;
				CLANG_ENABLE_OBJC_WEAK = YES;
				CLANG_WARN_BLOCK_CAPTURE_AUTORELEASING = YES;
				CLANG_WARN_BOOL_CONVERSION = YES;
				CLANG_WARN_COMMA = YES;
				CLANG_WARN_CONSTANT_CONVERSION = YES;
				CLANG_WARN_DEPRECATED_OBJC_IMPLEMENTATIONS = YES;
				CLANG_WARN_DIRECT_OBJC_ISA_USAGE = YES_ERROR;
				CLANG_WARN_DOCUMENTATION_COMMENTS = YES;
				CLANG_WARN_EMPTY_BODY = YES;
				CLANG_WARN_ENUM_CONVERSION = YES;
				CLANG_WARN_INFINITE_RECURSION = YES;
				CLANG_WARN_INT_CONVERSION = YES;
				CLANG_WARN_NON_LITERAL_NULL_CONVERSION = YES;
				CLANG_WARN_OBJC_IMPLICIT_RETAIN_SELF = YES;
				CLANG_WARN_OBJC_LITERAL_CONVERSION = YES;
				CLANG_WARN_OBJC_ROOT_CLASS = YES_ERROR;
				CLANG_WARN_QUOTED_INCLUDE_IN_FRAMEWORK_HEADER = YES;
				CLANG_WARN_RANGE_LOOP_ANALYSIS = YES;
				CLANG_WARN_STRICT_PROTOTYPES = YES;
				CLANG_WARN_SUSPICIOUS_MOVE = YES;
				CLANG_WARN_UNGUARDED_AVAILABILITY = YES_AGGRESSIVE;
				CLANG_WARN_UNREACHABLE_CODE = YES;
				CLANG_WARN__DUPLICATE_METHOD_MATCH = YES;
				COPY_PHASE_STRIP = NO;
				DEBUG_INFORMATION_FORMAT = dwarf;
				ENABLE_STRICT_OBJC_MSGSEND = YES;
				ENABLE_TESTABILITY = YES;
				ENABLE_USER_SCRIPT_SANDBOXING = YES;
				GCC_C_LANGUAGE_STANDARD = gnu17;
				GCC_DYNAMIC_NO_PIC = NO;
				GCC_NO_COMMON_BLOCKS = YES;
				GCC_OPTIMIZATION_LEVEL = 0;
				GCC_PREPROCESSOR_DEFINITIONS = (
					"DEBUG=1",
					"$(inherited)",
				);
				GCC_WARN_64_TO_32_BIT_CONVERSION = YES;
				GCC_WARN_ABOUT_RETURN_TYPE = YES_ERROR;
				GCC_WARN_UNDECLARED_SELECTOR = YES;
				GCC_WARN_UNINITIALIZED_AUTOS = YES_AGGRESSIVE;
				GCC_WARN_UNUSED_FUNCTION = YES;
				GCC_WARN_UNUSED_VARIABLE = YES;
				IPHONEOS_DEPLOYMENT_TARGET = 18.5;
				LOCALIZATION_PREFERS_STRING_CATALOGS = YES;
				MTL_ENABLE_DEBUG_INFO = INCLUDE_SOURCE;
				MTL_FAST_MATH = YES;
				ONLY_ACTIVE_ARCH = YES;
				SDKROOT = iphoneos;
				STRING_CATALOG_GENERATE_SYMBOLS = YES;
				SWIFT_ACTIVE_COMPILATION_CONDITIONS = "DEBUG $(inherited)";
				SWIFT_OPTIMIZATION_LEVEL = "-Onone";
			};
			name = Debug;
		};
		64C1F4612E22C21C0082C7C7 /* Release */ = {
			isa = XCBuildConfiguration;
			buildSettings = {
				ALWAYS_SEARCH_USER_PATHS = NO;
				ASSETCATALOG_COMPILER_GENERATE_SWIFT_ASSET_SYMBOL_EXTENSIONS = YES;
				CLANG_ANALYZER_NONNULL = YES;
				CLANG_ANALYZER_NUMBER_OBJECT_CONVERSION = YES_AGGRESSIVE;
				CLANG_CXX_LANGUAGE_STANDARD = "gnu++20";
				CLANG_ENABLE_MODULES = YES;
				CLANG_ENABLE_OBJC_ARC = YES;
				CLANG_ENABLE_OBJC_WEAK = YES;
				CLANG_WARN_BLOCK_CAPTURE_AUTORELEASING = YES;
				CLANG_WARN_BOOL_CONVERSION = YES;
				CLANG_WARN_COMMA = YES;
				CLANG_WARN_CONSTANT_CONVERSION = YES;
				CLANG_WARN_DEPRECATED_OBJC_IMPLEMENTATIONS = YES;
				CLANG_WARN_DIRECT_OBJC_ISA_USAGE = YES_ERROR;
				CLANG_WARN_DOCUMENTATION_COMMENTS = YES;
				CLANG_WARN_EMPTY_BODY = YES;
				CLANG_WARN_ENUM_CONVERSION = YES;
				CLANG_WARN_INFINITE_RECURSION = YES;
				CLANG_WARN_INT_CONVERSION = YES;
				CLANG_WARN_NON_LITERAL_NULL_CONVERSION = YES;
				CLANG_WARN_OBJC_IMPLICIT_RETAIN_SELF = YES;
				CLANG_WARN_OBJC_LITERAL_CONVERSION = YES;
				CLANG_WARN_OBJC_ROOT_CLASS = YES_ERROR;
				CLANG_WARN_QUOTED_INCLUDE_IN_FRAMEWORK_HEADER = YES;
				CLANG_WARN_RANGE_LOOP_ANALYSIS = YES;
				CLANG_WARN_STRICT_PROTOTYPES = YES;
				CLANG_WARN_SUSPICIOUS_MOVE = YES;
				CLANG_WARN_UNGUARDED_AVAILABILITY = YES_AGGRESSIVE;
				CLANG_WARN_UNREACHABLE_CODE = YES;
				CLANG_WARN__DUPLICATE_METHOD_MATCH = YES;
				COPY_PHASE_STRIP = NO;
				DEBUG_INFORMATION_FORMAT = "dwarf-with-dsym";
				ENABLE_NS_ASSERTIONS = NO;
				ENABLE_STRICT_OBJC_MSGSEND = YES;
				ENABLE_USER_SCRIPT_SANDBOXING = YES;
				GCC_C_LANGUAGE_STANDARD = gnu17;
				GCC_NO_COMMON_BLOCKS = YES;
				GCC_WARN_64_TO_32_BIT_CONVERSION = YES;
				GCC_WARN_ABOUT_RETURN_TYPE = YES_ERROR;
				GCC_WARN_UNDECLARED_SELECTOR = YES;
				GCC_WARN_UNINITIALIZED_AUTOS = YES_AGGRESSIVE;
				GCC_WARN_UNUSED_FUNCTION = YES;
				GCC_WARN_UNUSED_VARIABLE = YES;
				IPHONEOS_DEPLOYMENT_TARGET = 18.5;
				LOCALIZATION_PREFERS_STRING_CATALOGS = YES;
				MTL_ENABLE_DEBUG_INFO = NO;
				MTL_FAST_MATH = YES;
				SDKROOT = iphoneos;
				STRING_CATALOG_GENERATE_SYMBOLS = YES;
				SWIFT_COMPILATION_MODE = wholemodule;
				VALIDATE_PRODUCT = YES;
			};
			name = Release;
		};
		64C1F4632E22C21C0082C7C7 /* Debug */ = {
			isa = XCBuildConfiguration;
			buildSettings = {
				ASSETCATALOG_COMPILER_APPICON_NAME = AppIcon;
				ASSETCATALOG_COMPILER_GLOBAL_ACCENT_COLOR_NAME = AccentColor;
				CODE_SIGN_ENTITLEMENTS = WinniLuckRandom/WinniLuckRandom.entitlements;
				CODE_SIGN_STYLE = Automatic;
				CURRENT_PROJECT_VERSION = 1;
				DEVELOPMENT_TEAM = V49DC285P8;
				ENABLE_PREVIEWS = YES;
				GENERATE_INFOPLIST_FILE = YES;
				INFOPLIST_FILE = WinniLuckRandom/Info.plist;
				INFOPLIST_KEY_CFBundleDisplayName = WinniLuckRandom;
				INFOPLIST_KEY_NSPhotoLibraryUsageDescription = "Esta aplicación necesita acceso a tu biblioteca de fotos para establecer fondos personalizados.";
				INFOPLIST_KEY_UIApplicationSceneManifest_Generation = YES;
				INFOPLIST_KEY_UIApplicationSupportsIndirectInputEvents = YES;
				INFOPLIST_KEY_UILaunchScreen_Generation = YES;
				INFOPLIST_KEY_UISupportedInterfaceOrientations_iPad = "UIInterfaceOrientationPortrait UIInterfaceOrientationPortraitUpsideDown UIInterfaceOrientationLandscapeLeft UIInterfaceOrientationLandscapeRight";
				INFOPLIST_KEY_UISupportedInterfaceOrientations_iPhone = "UIInterfaceOrientationPortrait UIInterfaceOrientationLandscapeLeft UIInterfaceOrientationLandscapeRight";
				LD_RUNPATH_SEARCH_PATHS = (
					"$(inherited)",
					"@executable_path/Frameworks",
				);
				MARKETING_VERSION = 1.0;
				PRODUCT_BUNDLE_IDENTIFIER = "com.ehabfayez.Lucky-Me";
				PRODUCT_NAME = "$(TARGET_NAME)";
				SWIFT_EMIT_LOC_STRINGS = YES;
				SWIFT_VERSION = 5.0;
				TARGETED_DEVICE_FAMILY = "1,2";
			};
			name = Debug;
		};
		64C1F4642E22C21C0082C7C7 /* Release */ = {
			isa = XCBuildConfiguration;
			buildSettings = {
				ASSETCATALOG_COMPILER_APPICON_NAME = AppIcon;
				ASSETCATALOG_COMPILER_GLOBAL_ACCENT_COLOR_NAME = AccentColor;
				CODE_SIGN_ENTITLEMENTS = WinniLuckRandom/WinniLuckRandom.entitlements;
				CODE_SIGN_STYLE = Automatic;
				CURRENT_PROJECT_VERSION = 1;
				DEVELOPMENT_TEAM = V49DC285P8;
				ENABLE_PREVIEWS = YES;
				GENERATE_INFOPLIST_FILE = YES;
				INFOPLIST_FILE = WinniLuckRandom/Info.plist;
				INFOPLIST_KEY_CFBundleDisplayName = WinniLuckRandom;
				INFOPLIST_KEY_NSPhotoLibraryUsageDescription = "Esta aplicación necesita acceso a tu biblioteca de fotos para establecer fondos personalizados.";
				INFOPLIST_KEY_UIApplicationSceneManifest_Generation = YES;
				INFOPLIST_KEY_UIApplicationSupportsIndirectInputEvents = YES;
				INFOPLIST_KEY_UILaunchScreen_Generation = YES;
				INFOPLIST_KEY_UISupportedInterfaceOrientations_iPad = "UIInterfaceOrientationPortrait UIInterfaceOrientationPortraitUpsideDown UIInterfaceOrientationLandscapeLeft UIInterfaceOrientationLandscapeRight";
				INFOPLIST_KEY_UISupportedInterfaceOrientations_iPhone = "UIInterfaceOrientationPortrait UIInterfaceOrientationLandscapeLeft UIInterfaceOrientationLandscapeRight";
				LD_RUNPATH_SEARCH_PATHS = (
					"$(inherited)",
					"@executable_path/Frameworks",
				);
				MARKETING_VERSION = 1.0;
				PRODUCT_BUNDLE_IDENTIFIER = "com.ehabfayez.Lucky-Me";
				PRODUCT_NAME = "$(TARGET_NAME)";
				SWIFT_EMIT_LOC_STRINGS = YES;
				SWIFT_VERSION = 5.0;
				TARGETED_DEVICE_FAMILY = "1,2";
			};
			name = Release;
		};
		64C1F4662E22C21C0082C7C7 /* Debug */ = {
			isa = XCBuildConfiguration;
			buildSettings = {
				BUNDLE_LOADER = "$(TEST_HOST)";
				CODE_SIGN_STYLE = Automatic;
				CURRENT_PROJECT_VERSION = 1;
				GENERATE_INFOPLIST_FILE = YES;
				IPHONEOS_DEPLOYMENT_TARGET = 18.5;
				MARKETING_VERSION = 1.0;
				PRODUCT_BUNDLE_IDENTIFIER = "com.ehabfayez.Lucky-MeTests";
				PRODUCT_NAME = "$(TARGET_NAME)";
				SWIFT_EMIT_LOC_STRINGS = NO;
				SWIFT_VERSION = 5.0;
				TARGETED_DEVICE_FAMILY = "1,2";
				TEST_HOST = "$(BUILT_PRODUCTS_DIR)/Lucky Me.app/$(BUNDLE_EXECUTABLE_FOLDER_PATH)/Lucky Me";
			};
			name = Debug;
		};
		64C1F4672E22C21C0082C7C7 /* Release */ = {
			isa = XCBuildConfiguration;
			buildSettings = {
				BUNDLE_LOADER = "$(TEST_HOST)";
				CODE_SIGN_STYLE = Automatic;
				CURRENT_PROJECT_VERSION = 1;
				GENERATE_INFOPLIST_FILE = YES;
				IPHONEOS_DEPLOYMENT_TARGET = 18.5;
				MARKETING_VERSION = 1.0;
				PRODUCT_BUNDLE_IDENTIFIER = "com.ehabfayez.Lucky-MeTests";
				PRODUCT_NAME = "$(TARGET_NAME)";
				SWIFT_EMIT_LOC_STRINGS = NO;
				SWIFT_VERSION = 5.0;
				TARGETED_DEVICE_FAMILY = "1,2";
				TEST_HOST = "$(BUILT_PRODUCTS_DIR)/Lucky Me.app/$(BUNDLE_EXECUTABLE_FOLDER_PATH)/Lucky Me";
			};
			name = Release;
		};
		64C1F4692E22C21C0082C7C7 /* Debug */ = {
			isa = XCBuildConfiguration;
			buildSettings = {
				CODE_SIGN_STYLE = Automatic;
				CURRENT_PROJECT_VERSION = 1;
				GENERATE_INFOPLIST_FILE = YES;
				MARKETING_VERSION = 1.0;
				PRODUCT_BUNDLE_IDENTIFIER = "com.ehabfayez.Lucky-MeUITests";
				PRODUCT_NAME = "$(TARGET_NAME)";
				SWIFT_EMIT_LOC_STRINGS = NO;
				SWIFT_VERSION = 5.0;
				TARGETED_DEVICE_FAMILY = "1,2";
				TEST_TARGET_NAME = "Lucky Me";
			};
			name = Debug;
		};
		64C1F46A2E22C21C0082C7C7 /* Release */ = {
			isa = XCBuildConfiguration;
			buildSettings = {
				CODE_SIGN_STYLE = Automatic;
				CURRENT_PROJECT_VERSION = 1;
				GENERATE_INFOPLIST_FILE = YES;
				MARKETING_VERSION = 1.0;
				PRODUCT_BUNDLE_IDENTIFIER = "com.ehabfayez.Lucky-MeUITests";
				PRODUCT_NAME = "$(TARGET_NAME)";
				SWIFT_EMIT_LOC_STRINGS = NO;
				SWIFT_VERSION = 5.0;
				TARGETED_DEVICE_FAMILY = "1,2";
				TEST_TARGET_NAME = "Lucky Me";
			};
			name = Release;
		};
/* End XCBuildConfiguration section */

/* Begin XCConfigurationList section */
		64C1F43C2E22C21A0082C7C7 /* Build configuration list for PBXProject "WinniLuckRandom" */ = {
			isa = XCConfigurationList;
			buildConfigurations = (
				64C1F4602E22C21C0082C7C7 /* Debug */,
				64C1F4612E22C21C0082C7C7 /* Release */,
			);
			defaultConfigurationIsVisible = 0;
			defaultConfigurationName = Release;
		};
		64C1F4622E22C21C0082C7C7 /* Build configuration list for PBXNativeTarget "WinniLuckRandom" */ = {
			isa = XCConfigurationList;
			buildConfigurations = (
				64C1F4632E22C21C0082C7C7 /* Debug */,
				64C1F4642E22C21C0082C7C7 /* Release */,
			);
			defaultConfigurationIsVisible = 0;
			defaultConfigurationName = Release;
		};
		64C1F4652E22C21C0082C7C7 /* Build configuration list for PBXNativeTarget "WinniLuckRandomTests" */ = {
			isa = XCConfigurationList;
			buildConfigurations = (
				64C1F4662E22C21C0082C7C7 /* Debug */,
				64C1F4672E22C21C0082C7C7 /* Release */,
			);
			defaultConfigurationIsVisible = 0;
			defaultConfigurationName = Release;
		};
		64C1F4682E22C21C0082C7C7 /* Build configuration list for PBXNativeTarget "WinniLuckRandomUITests" */ = {
			isa = XCConfigurationList;
			buildConfigurations = (
				64C1F4692E22C21C0082C7C7 /* Debug */,
				64C1F46A2E22C21C0082C7C7 /* Release */,
			);
			defaultConfigurationIsVisible = 0;
			defaultConfigurationName = Release;
		};
/* End XCConfigurationList section */
	};
	rootObject = 64C1F4392E22C21A0082C7C7 /* Project object */;
}
